{
  "name": "codeWars",
  "lockfileVersion": 3,
  "requires": true,
  "packages": {
    "": {
      "devDependencies": {
        "@types/chai": "^4.3.11"
      }
    },
    "node_modules/@types/chai": {
      "version": "4.3.11",
      "resolved": "https://registry.npmjs.org/@types/chai/-/chai-4.3.11.tgz",
      "integrity": "sha512-qQR1dr2rGIHYlJulmr8Ioq3De0Le9E4MJ5AiaeAETJJpndT1uUNHsGFK3L/UIu+rbkQSdj8J/w2bCsBZc/Y5fQ==",
      "dev": true
    }
  }
}
